{
  "name": "ganadero-erp-pro",
  "version": "3.0.1",
  "lockfileVersion": 3,
  "requires": true,
  "packages": {
    "": {
      "name": "ganadero-erp-pro",
      "version": "3.0.1",
      "dependencies": {
        "better-sqlite3": "^11.0.0"
      }
    },
    "node_modules/better-sqlite3": {
      "version": "11.0.0",
      "resolved": "https://registry.npmjs.org/better-sqlite3/-/better-sqlite3-11.0.0.tgz",
      "integrity": "sha512-xxxxxxxxxxxxxxxxxxxxxxxxxxxxxxxxxxxxxxxxxxxxxxxxxxxxxxxxxxxxxxxxxxxxxxxxxxxxxxxxxxxxxxxxxxxxxxxxxxxx=="
    }
  }
}
